
Microsoft Visual Studio Solution File, Format Version 12.00
# Visual Studio Version 16
VisualStudioVersion = 16.0.29230.47
MinimumVisualStudioVersion = 10.0.40219.1
Project("{FAE04EC0-301F-11D3-BF4B-00C04F79EFBC}") = "At", "At.csproj", "{758D5AEB-D9C0-4EC1-8352-AEDE92FC8D8D}"
EndProject
Global
	GlobalSection(SolutionConfigurationPlatforms) = preSolution
		Debug|Any CPU = Debug|Any CPU
		Release|Any CPU = Release|Any CPU
	EndGlobalSection
	GlobalSection(ProjectConfigurationPlatforms) = postSolution
		{758D5AEB-D9C0-4EC1-8352-AEDE92FC8D8D}.Debug|Any CPU.ActiveCfg = Debug|Any CPU
		{758D5AEB-D9C0-4EC1-8352-AEDE92FC8D8D}.Debug|Any CPU.Build.0 = Debug|Any CPU
		{758D5AEB-D9C0-4EC1-8352-AEDE92FC8D8D}.Release|Any CPU.ActiveCfg = Release|Any CPU
		{758D5AEB-D9C0-4EC1-8352-AEDE92FC8D8D}.Release|Any CPU.Build.0 = Release|Any CPU
	EndGlobalSection
	GlobalSection(SolutionProperties) = preSolution
		HideSolutionNode = FALSE
	EndGlobalSection
	GlobalSection(ExtensibilityGlobals) = postSolution
		SolutionGuid = {CD3CD875-9618-48A7-ACE5-09452B3C4157}
	EndGlobalSection
EndGlobal
